{
  "name": "sfeventcal",
  "version": "1.0.0",
  "lockfileVersion": 1,
  "requires": true,
  "dependencies": {
    "js-year-calendar": {
      "version": "git+https://github.com/sfeventcal/js-year-calendar.git#02ccd1b879e9f9571623340866b686a2d1f5a184",
      "from": "git+https://github.com/sfeventcal/js-year-calendar.git"
    }
  }
}
