{
  "name": "sfeventcal",
  "version": "1.1.0",
  "lockfileVersion": 1,
  "requires": true,
  "dependencies": {
    "js-year-calendar": {
      "version": "git+https://github.com/sfeventcal/js-year-calendar.git#a7c97ddfc36fd41ee99e0be5c398f9aaa7441ef7",
      "from": "git+https://github.com/sfeventcal/js-year-calendar.git"
    }
  }
}
